{
  "requires": true,
  "lockfileVersion": 1,
  "dependencies": {
    "tenuki": {
      "version": "0.3.1",
      "resolved": "https://registry.npmjs.org/tenuki/-/tenuki-0.3.1.tgz",
      "integrity": "sha512-4obVv+CHn0QXrtHEZOYXE69xweUAae/iHfEz6oqM+dKTcdL8b0G44knfjLtepu4UHdwW0OzxurXDXoZKzKOIIQ=="
    }
  }
}
